
Microsoft Visual Studio Solution File, Format Version 12.00
# Visual Studio 15
VisualStudioVersion = 15.0.28307.572
MinimumVisualStudioVersion = 10.0.40219.1
Project("{FAE04EC0-301F-11D3-BF4B-00C04F79EFBC}") = "App01_LayoutXF.Android", "App01_LayoutXF\App01_LayoutXF.Android\App01_LayoutXF.Android.csproj", "{39724679-8864-4923-87B1-8FA32575FDC6}"
EndProject
Project("{FAE04EC0-301F-11D3-BF4B-00C04F79EFBC}") = "App01_LayoutXF.iOS", "App01_LayoutXF\App01_LayoutXF.iOS\App01_LayoutXF.iOS.csproj", "{6388F78D-19E7-4640-800C-861354811427}"
EndProject
Project("{FAE04EC0-301F-11D3-BF4B-00C04F79EFBC}") = "App01_LayoutXF.UWP", "App01_LayoutXF\App01_LayoutXF.UWP\App01_LayoutXF.UWP.csproj", "{52483F8D-D5DE-4A46-AB00-926422E2A88D}"
EndProject
Project("{FAE04EC0-301F-11D3-BF4B-00C04F79EFBC}") = "App01_LayoutXF", "App01_LayoutXF\App01_LayoutXF\App01_LayoutXF.csproj", "{4038C5A4-DC0F-42A6-8C71-BDCFE244CD30}"
EndProject
Global
	GlobalSection(SolutionConfigurationPlatforms) = preSolution
		Ad-Hoc|Any CPU = Ad-Hoc|Any CPU
		Ad-Hoc|ARM = Ad-Hoc|ARM
		Ad-Hoc|iPhone = Ad-Hoc|iPhone
		Ad-Hoc|iPhoneSimulator = Ad-Hoc|iPhoneSimulator
		Ad-Hoc|x64 = Ad-Hoc|x64
		Ad-Hoc|x86 = Ad-Hoc|x86
		AppStore|Any CPU = AppStore|Any CPU
		AppStore|ARM = AppStore|ARM
		AppStore|iPhone = AppStore|iPhone
		AppStore|iPhoneSimulator = AppStore|iPhoneSimulator
		AppStore|x64 = AppStore|x64
		AppStore|x86 = AppStore|x86
		Debug|Any CPU = Debug|Any CPU
		Debug|ARM = Debug|ARM
		Debug|iPhone = Debug|iPhone
		Debug|iPhoneSimulator = Debug|iPhoneSimulator
		Debug|x64 = Debug|x64
		Debug|x86 = Debug|x86
		Release|Any CPU = Release|Any CPU
		Release|ARM = Release|ARM
		Release|iPhone = Release|iPhone
		Release|iPhoneSimulator = Release|iPhoneSimulator
		Release|x64 = Release|x64
		Release|x86 = Release|x86
	EndGlobalSection
	GlobalSection(ProjectConfigurationPlatforms) = postSolution
		{39724679-8864-4923-87B1-8FA32575FDC6}.Ad-Hoc|Any CPU.ActiveCfg = Release|Any CPU
		{39724679-8864-4923-87B1-8FA32575FDC6}.Ad-Hoc|Any CPU.Build.0 = Release|Any CPU
		{39724679-8864-4923-87B1-8FA32575FDC6}.Ad-Hoc|Any CPU.Deploy.0 = Release|Any CPU
		{39724679-8864-4923-87B1-8FA32575FDC6}.Ad-Hoc|ARM.ActiveCfg = Release|Any CPU
		{39724679-8864-4923-87B1-8FA32575FDC6}.Ad-Hoc|ARM.Build.0 = Release|Any CPU
		{39724679-8864-4923-87B1-8FA32575FDC6}.Ad-Hoc|ARM.Deploy.0 = Release|Any CPU
		{39724679-8864-4923-87B1-8FA32575FDC6}.Ad-Hoc|iPhone.ActiveCfg = Release|Any CPU
		{39724679-8864-4923-87B1-8FA32575FDC6}.Ad-Hoc|iPhone.Build.0 = Release|Any CPU
		{39724679-8864-4923-87B1-8FA32575FDC6}.Ad-Hoc|iPhone.Deploy.0 = Release|Any CPU
		{39724679-8864-4923-87B1-8FA32575FDC6}.Ad-Hoc|iPhoneSimulator.ActiveCfg = Release|Any CPU
		{39724679-8864-4923-87B1-8FA32575FDC6}.Ad-Hoc|iPhoneSimulator.Build.0 = Release|Any CPU
		{39724679-8864-4923-87B1-8FA32575FDC6}.Ad-Hoc|iPhoneSimulator.Deploy.0 = Release|Any CPU
		{39724679-8864-4923-87B1-8FA32575FDC6}.Ad-Hoc|x64.ActiveCfg = Release|Any CPU
		{39724679-8864-4923-87B1-8FA32575FDC6}.Ad-Hoc|x64.Build.0 = Release|Any CPU
		{39724679-8864-4923-87B1-8FA32575FDC6}.Ad-Hoc|x64.Deploy.0 = Release|Any CPU
		{39724679-8864-4923-87B1-8FA32575FDC6}.Ad-Hoc|x86.ActiveCfg = Release|Any CPU
		{39724679-8864-4923-87B1-8FA32575FDC6}.Ad-Hoc|x86.Build.0 = Release|Any CPU
		{39724679-8864-4923-87B1-8FA32575FDC6}.Ad-Hoc|x86.Deploy.0 = Release|Any CPU
		{39724679-8864-4923-87B1-8FA32575FDC6}.AppStore|Any CPU.ActiveCfg = Release|Any CPU
		{39724679-8864-4923-87B1-8FA32575FDC6}.AppStore|Any CPU.Build.0 = Release|Any CPU
		{39724679-8864-4923-87B1-8FA32575FDC6}.AppStore|Any CPU.Deploy.0 = Release|Any CPU
		{39724679-8864-4923-87B1-8FA32575FDC6}.AppStore|ARM.ActiveCfg = Release|Any CPU
		{39724679-8864-4923-87B1-8FA32575FDC6}.AppStore|ARM.Build.0 = Release|Any CPU
		{39724679-8864-4923-87B1-8FA32575FDC6}.AppStore|ARM.Deploy.0 = Release|Any CPU
		{39724679-8864-4923-87B1-8FA32575FDC6}.AppStore|iPhone.ActiveCfg = Release|Any CPU
		{39724679-8864-4923-87B1-8FA32575FDC6}.AppStore|iPhone.Build.0 = Release|Any CPU
		{39724679-8864-4923-87B1-8FA32575FDC6}.AppStore|iPhone.Deploy.0 = Release|Any CPU
		{39724679-8864-4923-87B1-8FA32575FDC6}.AppStore|iPhoneSimulator.ActiveCfg = Release|Any CPU
		{39724679-8864-4923-87B1-8FA32575FDC6}.AppStore|iPhoneSimulator.Build.0 = Release|Any CPU
		{39724679-8864-4923-87B1-8FA32575FDC6}.AppStore|iPhoneSimulator.Deploy.0 = Release|Any CPU
		{39724679-8864-4923-87B1-8FA32575FDC6}.AppStore|x64.ActiveCfg = Release|Any CPU
		{39724679-8864-4923-87B1-8FA32575FDC6}.AppStore|x64.Build.0 = Release|Any CPU
		{39724679-8864-4923-87B1-8FA32575FDC6}.AppStore|x64.Deploy.0 = Release|Any CPU
		{39724679-8864-4923-87B1-8FA32575FDC6}.AppStore|x86.ActiveCfg = Release|Any CPU
		{39724679-8864-4923-87B1-8FA32575FDC6}.AppStore|x86.Build.0 = Release|Any CPU
		{39724679-8864-4923-87B1-8FA32575FDC6}.AppStore|x86.Deploy.0 = Release|Any CPU
		{39724679-8864-4923-87B1-8FA32575FDC6}.Debug|Any CPU.ActiveCfg = Debug|Any CPU
		{39724679-8864-4923-87B1-8FA32575FDC6}.Debug|Any CPU.Build.0 = Debug|Any CPU
		{39724679-8864-4923-87B1-8FA32575FDC6}.Debug|Any CPU.Deploy.0 = Debug|Any CPU
		{39724679-8864-4923-87B1-8FA32575FDC6}.Debug|ARM.ActiveCfg = Debug|Any CPU
		{39724679-8864-4923-87B1-8FA32575FDC6}.Debug|ARM.Build.0 = Debug|Any CPU
		{39724679-8864-4923-87B1-8FA32575FDC6}.Debug|ARM.Deploy.0 = Debug|Any CPU
		{39724679-8864-4923-87B1-8FA32575FDC6}.Debug|iPhone.ActiveCfg = Debug|Any CPU
		{39724679-8864-4923-87B1-8FA32575FDC6}.Debug|iPhone.Build.0 = Debug|Any CPU
		{39724679-8864-4923-87B1-8FA32575FDC6}.Debug|iPhone.Deploy.0 = Debug|Any CPU
		{39724679-8864-4923-87B1-8FA32575FDC6}.Debug|iPhoneSimulator.ActiveCfg = Debug|Any CPU
		{39724679-8864-4923-87B1-8FA32575FDC6}.Debug|iPhoneSimulator.Build.0 = Debug|Any CPU
		{39724679-8864-4923-87B1-8FA32575FDC6}.Debug|iPhoneSimulator.Deploy.0 = Debug|Any CPU
		{39724679-8864-4923-87B1-8FA32575FDC6}.Debug|x64.ActiveCfg = Debug|Any CPU
		{39724679-8864-4923-87B1-8FA32575FDC6}.Debug|x64.Build.0 = Debug|Any CPU
		{39724679-8864-4923-87B1-8FA32575FDC6}.Debug|x64.Deploy.0 = Debug|Any CPU
		{39724679-8864-4923-87B1-8FA32575FDC6}.Debug|x86.ActiveCfg = Debug|Any CPU
		{39724679-8864-4923-87B1-8FA32575FDC6}.Debug|x86.Build.0 = Debug|Any CPU
		{39724679-8864-4923-87B1-8FA32575FDC6}.Debug|x86.Deploy.0 = Debug|Any CPU
		{39724679-8864-4923-87B1-8FA32575FDC6}.Release|Any CPU.ActiveCfg = Release|Any CPU
		{39724679-8864-4923-87B1-8FA32575FDC6}.Release|Any CPU.Build.0 = Release|Any CPU
		{39724679-8864-4923-87B1-8FA32575FDC6}.Release|Any CPU.Deploy.0 = Release|Any CPU
		{39724679-8864-4923-87B1-8FA32575FDC6}.Release|ARM.ActiveCfg = Release|Any CPU
		{39724679-8864-4923-87B1-8FA32575FDC6}.Release|ARM.Build.0 = Release|Any CPU
		{39724679-8864-4923-87B1-8FA32575FDC6}.Release|ARM.Deploy.0 = Release|Any CPU
		{39724679-8864-4923-87B1-8FA32575FDC6}.Release|iPhone.ActiveCfg = Release|Any CPU
		{39724679-8864-4923-87B1-8FA32575FDC6}.Release|iPhone.Build.0 = Release|Any CPU
		{39724679-8864-4923-87B1-8FA32575FDC6}.Release|iPhone.Deploy.0 = Release|Any CPU
		{39724679-8864-4923-87B1-8FA32575FDC6}.Release|iPhoneSimulator.ActiveCfg = Release|Any CPU
		{39724679-8864-4923-87B1-8FA32575FDC6}.Release|iPhoneSimulator.Build.0 = Release|Any CPU
		{39724679-8864-4923-87B1-8FA32575FDC6}.Release|iPhoneSimulator.Deploy.0 = Release|Any CPU
		{39724679-8864-4923-87B1-8FA32575FDC6}.Release|x64.ActiveCfg = Release|Any CPU
		{39724679-8864-4923-87B1-8FA32575FDC6}.Release|x64.Build.0 = Release|Any CPU
		{39724679-8864-4923-87B1-8FA32575FDC6}.Release|x64.Deploy.0 = Release|Any CPU
		{39724679-8864-4923-87B1-8FA32575FDC6}.Release|x86.ActiveCfg = Release|Any CPU
		{39724679-8864-4923-87B1-8FA32575FDC6}.Release|x86.Build.0 = Release|Any CPU
		{39724679-8864-4923-87B1-8FA32575FDC6}.Release|x86.Deploy.0 = Release|Any CPU
		{6388F78D-19E7-4640-800C-861354811427}.Ad-Hoc|Any CPU.ActiveCfg = Ad-Hoc|iPhone
		{6388F78D-19E7-4640-800C-861354811427}.Ad-Hoc|Any CPU.Build.0 = Ad-Hoc|iPhone
		{6388F78D-19E7-4640-800C-861354811427}.Ad-Hoc|Any CPU.Deploy.0 = Ad-Hoc|iPhone
		{6388F78D-19E7-4640-800C-861354811427}.Ad-Hoc|ARM.ActiveCfg = Ad-Hoc|iPhone
		{6388F78D-19E7-4640-800C-861354811427}.Ad-Hoc|ARM.Build.0 = Ad-Hoc|iPhone
		{6388F78D-19E7-4640-800C-861354811427}.Ad-Hoc|ARM.Deploy.0 = Ad-Hoc|iPhone
		{6388F78D-19E7-4640-800C-861354811427}.Ad-Hoc|iPhone.ActiveCfg = Ad-Hoc|iPhone
		{6388F78D-19E7-4640-800C-861354811427}.Ad-Hoc|iPhone.Build.0 = Ad-Hoc|iPhone
		{6388F78D-19E7-4640-800C-861354811427}.Ad-Hoc|iPhone.Deploy.0 = Ad-Hoc|iPhone
		{6388F78D-19E7-4640-800C-861354811427}.Ad-Hoc|iPhoneSimulator.ActiveCfg = Ad-Hoc|iPhoneSimulator
		{6388F78D-19E7-4640-800C-861354811427}.Ad-Hoc|iPhoneSimulator.Build.0 = Ad-Hoc|iPhoneSimulator
		{6388F78D-19E7-4640-800C-861354811427}.Ad-Hoc|iPhoneSimulator.Deploy.0 = Ad-Hoc|iPhoneSimulator
		{6388F78D-19E7-4640-800C-861354811427}.Ad-Hoc|x64.ActiveCfg = Ad-Hoc|iPhone
		{6388F78D-19E7-4640-800C-861354811427}.Ad-Hoc|x64.Build.0 = Ad-Hoc|iPhone
		{6388F78D-19E7-4640-800C-861354811427}.Ad-Hoc|x64.Deploy.0 = Ad-Hoc|iPhone
		{6388F78D-19E7-4640-800C-861354811427}.Ad-Hoc|x86.ActiveCfg = Ad-Hoc|iPhone
		{6388F78D-19E7-4640-800C-861354811427}.Ad-Hoc|x86.Build.0 = Ad-Hoc|iPhone
		{6388F78D-19E7-4640-800C-861354811427}.Ad-Hoc|x86.Deploy.0 = Ad-Hoc|iPhone
		{6388F78D-19E7-4640-800C-861354811427}.AppStore|Any CPU.ActiveCfg = AppStore|iPhone
		{6388F78D-19E7-4640-800C-861354811427}.AppStore|Any CPU.Build.0 = AppStore|iPhone
		{6388F78D-19E7-4640-800C-861354811427}.AppStore|Any CPU.Deploy.0 = AppStore|iPhone
		{6388F78D-19E7-4640-800C-861354811427}.AppStore|ARM.ActiveCfg = AppStore|iPhone
		{6388F78D-19E7-4640-800C-861354811427}.AppStore|ARM.Build.0 = AppStore|iPhone
		{6388F78D-19E7-4640-800C-861354811427}.AppStore|ARM.Deploy.0 = AppStore|iPhone
		{6388F78D-19E7-4640-800C-861354811427}.AppStore|iPhone.ActiveCfg = AppStore|iPhone
		{6388F78D-19E7-4640-800C-861354811427}.AppStore|iPhone.Build.0 = AppStore|iPhone
		{6388F78D-19E7-4640-800C-861354811427}.AppStore|iPhone.Deploy.0 = AppStore|iPhone
		{6388F78D-19E7-4640-800C-861354811427}.AppStore|iPhoneSimulator.ActiveCfg = AppStore|iPhoneSimulator
		{6388F78D-19E7-4640-800C-861354811427}.AppStore|iPhoneSimulator.Build.0 = AppStore|iPhoneSimulator
		{6388F78D-19E7-4640-800C-861354811427}.AppStore|iPhoneSimulator.Deploy.0 = AppStore|iPhoneSimulator
		{6388F78D-19E7-4640-800C-861354811427}.AppStore|x64.ActiveCfg = AppStore|iPhone
		{6388F78D-19E7-4640-800C-861354811427}.AppStore|x64.Build.0 = AppStore|iPhone
		{6388F78D-19E7-4640-800C-861354811427}.AppStore|x64.Deploy.0 = AppStore|iPhone
		{6388F78D-19E7-4640-800C-861354811427}.AppStore|x86.ActiveCfg = AppStore|iPhone
		{6388F78D-19E7-4640-800C-861354811427}.AppStore|x86.Build.0 = AppStore|iPhone
		{6388F78D-19E7-4640-800C-861354811427}.AppStore|x86.Deploy.0 = AppStore|iPhone
		{6388F78D-19E7-4640-800C-861354811427}.Debug|Any CPU.ActiveCfg = Debug|iPhoneSimulator
		{6388F78D-19E7-4640-800C-861354811427}.Debug|Any CPU.Build.0 = Debug|iPhoneSimulator
		{6388F78D-19E7-4640-800C-861354811427}.Debug|Any CPU.Deploy.0 = Debug|iPhoneSimulator
		{6388F78D-19E7-4640-800C-861354811427}.Debug|ARM.ActiveCfg = Debug|iPhone
		{6388F78D-19E7-4640-800C-861354811427}.Debug|ARM.Build.0 = Debug|iPhone
		{6388F78D-19E7-4640-800C-861354811427}.Debug|ARM.Deploy.0 = Debug|iPhone
		{6388F78D-19E7-4640-800C-861354811427}.Debug|iPhone.ActiveCfg = Debug|iPhone
		{6388F78D-19E7-4640-800C-861354811427}.Debug|iPhone.Build.0 = Debug|iPhone
		{6388F78D-19E7-4640-800C-861354811427}.Debug|iPhone.Deploy.0 = Debug|iPhone
		{6388F78D-19E7-4640-800C-861354811427}.Debug|iPhoneSimulator.ActiveCfg = Debug|iPhoneSimulator
		{6388F78D-19E7-4640-800C-861354811427}.Debug|iPhoneSimulator.Build.0 = Debug|iPhoneSimulator
		{6388F78D-19E7-4640-800C-861354811427}.Debug|iPhoneSimulator.Deploy.0 = Debug|iPhoneSimulator
		{6388F78D-19E7-4640-800C-861354811427}.Debug|x64.ActiveCfg = Debug|iPhone
		{6388F78D-19E7-4640-800C-861354811427}.Debug|x64.Build.0 = Debug|iPhone
		{6388F78D-19E7-4640-800C-861354811427}.Debug|x64.Deploy.0 = Debug|iPhone
		{6388F78D-19E7-4640-800C-861354811427}.Debug|x86.ActiveCfg = Debug|iPhone
		{6388F78D-19E7-4640-800C-861354811427}.Debug|x86.Build.0 = Debug|iPhone
		{6388F78D-19E7-4640-800C-861354811427}.Debug|x86.Deploy.0 = Debug|iPhone
		{6388F78D-19E7-4640-800C-861354811427}.Release|Any CPU.ActiveCfg = Release|iPhone
		{6388F78D-19E7-4640-800C-861354811427}.Release|Any CPU.Build.0 = Release|iPhone
		{6388F78D-19E7-4640-800C-861354811427}.Release|Any CPU.Deploy.0 = Release|iPhone
		{6388F78D-19E7-4640-800C-861354811427}.Release|ARM.ActiveCfg = Release|iPhone
		{6388F78D-19E7-4640-800C-861354811427}.Release|ARM.Build.0 = Release|iPhone
		{6388F78D-19E7-4640-800C-861354811427}.Release|ARM.Deploy.0 = Release|iPhone
		{6388F78D-19E7-4640-800C-861354811427}.Release|iPhone.ActiveCfg = Release|iPhone
		{6388F78D-19E7-4640-800C-861354811427}.Release|iPhone.Build.0 = Release|iPhone
		{6388F78D-19E7-4640-800C-861354811427}.Release|iPhone.Deploy.0 = Release|iPhone
		{6388F78D-19E7-4640-800C-861354811427}.Release|iPhoneSimulator.ActiveCfg = Release|iPhoneSimulator
		{6388F78D-19E7-4640-800C-861354811427}.Release|iPhoneSimulator.Build.0 = Release|iPhoneSimulator
		{6388F78D-19E7-4640-800C-861354811427}.Release|iPhoneSimulator.Deploy.0 = Release|iPhoneSimulator
		{6388F78D-19E7-4640-800C-861354811427}.Release|x64.ActiveCfg = Release|iPhone
		{6388F78D-19E7-4640-800C-861354811427}.Release|x64.Build.0 = Release|iPhone
		{6388F78D-19E7-4640-800C-861354811427}.Release|x64.Deploy.0 = Release|iPhone
		{6388F78D-19E7-4640-800C-861354811427}.Release|x86.ActiveCfg = Release|iPhone
		{6388F78D-19E7-4640-800C-861354811427}.Release|x86.Build.0 = Release|iPhone
		{6388F78D-19E7-4640-800C-861354811427}.Release|x86.Deploy.0 = Release|iPhone
		{52483F8D-D5DE-4A46-AB00-926422E2A88D}.Ad-Hoc|Any CPU.ActiveCfg = Release|x86
		{52483F8D-D5DE-4A46-AB00-926422E2A88D}.Ad-Hoc|Any CPU.Build.0 = Release|x86
		{52483F8D-D5DE-4A46-AB00-926422E2A88D}.Ad-Hoc|Any CPU.Deploy.0 = Release|x86
		{52483F8D-D5DE-4A46-AB00-926422E2A88D}.Ad-Hoc|ARM.ActiveCfg = Release|ARM
		{52483F8D-D5DE-4A46-AB00-926422E2A88D}.Ad-Hoc|ARM.Build.0 = Release|ARM
		{52483F8D-D5DE-4A46-AB00-926422E2A88D}.Ad-Hoc|ARM.Deploy.0 = Release|ARM
		{52483F8D-D5DE-4A46-AB00-926422E2A88D}.Ad-Hoc|iPhone.ActiveCfg = Release|x86
		{52483F8D-D5DE-4A46-AB00-926422E2A88D}.Ad-Hoc|iPhone.Build.0 = Release|x86
		{52483F8D-D5DE-4A46-AB00-926422E2A88D}.Ad-Hoc|iPhone.Deploy.0 = Release|x86
		{52483F8D-D5DE-4A46-AB00-926422E2A88D}.Ad-Hoc|iPhoneSimulator.ActiveCfg = Release|x86
		{52483F8D-D5DE-4A46-AB00-926422E2A88D}.Ad-Hoc|iPhoneSimulator.Build.0 = Release|x86
		{52483F8D-D5DE-4A46-AB00-926422E2A88D}.Ad-Hoc|iPhoneSimulator.Deploy.0 = Release|x86
		{52483F8D-D5DE-4A46-AB00-926422E2A88D}.Ad-Hoc|x64.ActiveCfg = Release|x64
		{52483F8D-D5DE-4A46-AB00-926422E2A88D}.Ad-Hoc|x64.Build.0 = Release|x64
		{52483F8D-D5DE-4A46-AB00-926422E2A88D}.Ad-Hoc|x64.Deploy.0 = Release|x64
		{52483F8D-D5DE-4A46-AB00-926422E2A88D}.Ad-Hoc|x86.ActiveCfg = Release|x86
		{52483F8D-D5DE-4A46-AB00-926422E2A88D}.Ad-Hoc|x86.Build.0 = Release|x86
		{52483F8D-D5DE-4A46-AB00-926422E2A88D}.Ad-Hoc|x86.Deploy.0 = Release|x86
		{52483F8D-D5DE-4A46-AB00-926422E2A88D}.AppStore|Any CPU.ActiveCfg = Release|x86
		{52483F8D-D5DE-4A46-AB00-926422E2A88D}.AppStore|Any CPU.Build.0 = Release|x86
		{52483F8D-D5DE-4A46-AB00-926422E2A88D}.AppStore|Any CPU.Deploy.0 = Release|x86
		{52483F8D-D5DE-4A46-AB00-926422E2A88D}.AppStore|ARM.ActiveCfg = Release|ARM
		{52483F8D-D5DE-4A46-AB00-926422E2A88D}.AppStore|ARM.Build.0 = Release|ARM
		{52483F8D-D5DE-4A46-AB00-926422E2A88D}.AppStore|ARM.Deploy.0 = Release|ARM
		{52483F8D-D5DE-4A46-AB00-926422E2A88D}.AppStore|iPhone.ActiveCfg = Release|x86
		{52483F8D-D5DE-4A46-AB00-926422E2A88D}.AppStore|iPhone.Build.0 = Release|x86
		{52483F8D-D5DE-4A46-AB00-926422E2A88D}.AppStore|iPhone.Deploy.0 = Release|x86
		{52483F8D-D5DE-4A46-AB00-926422E2A88D}.AppStore|iPhoneSimulator.ActiveCfg = Release|x86
		{52483F8D-D5DE-4A46-AB00-926422E2A88D}.AppStore|iPhoneSimulator.Build.0 = Release|x86
		{52483F8D-D5DE-4A46-AB00-926422E2A88D}.AppStore|iPhoneSimulator.Deploy.0 = Release|x86
		{52483F8D-D5DE-4A46-AB00-926422E2A88D}.AppStore|x64.ActiveCfg = Release|x64
		{52483F8D-D5DE-4A46-AB00-926422E2A88D}.AppStore|x64.Build.0 = Release|x64
		{52483F8D-D5DE-4A46-AB00-926422E2A88D}.AppStore|x64.Deploy.0 = Release|x64
		{52483F8D-D5DE-4A46-AB00-926422E2A88D}.AppStore|x86.ActiveCfg = Release|x86
		{52483F8D-D5DE-4A46-AB00-926422E2A88D}.AppStore|x86.Build.0 = Release|x86
		{52483F8D-D5DE-4A46-AB00-926422E2A88D}.AppStore|x86.Deploy.0 = Release|x86
		{52483F8D-D5DE-4A46-AB00-926422E2A88D}.Debug|Any CPU.ActiveCfg = Debug|x86
		{52483F8D-D5DE-4A46-AB00-926422E2A88D}.Debug|Any CPU.Build.0 = Debug|x86
		{52483F8D-D5DE-4A46-AB00-926422E2A88D}.Debug|Any CPU.Deploy.0 = Debug|x86
		{52483F8D-D5DE-4A46-AB00-926422E2A88D}.Debug|ARM.ActiveCfg = Debug|ARM
		{52483F8D-D5DE-4A46-AB00-926422E2A88D}.Debug|ARM.Build.0 = Debug|ARM
		{52483F8D-D5DE-4A46-AB00-926422E2A88D}.Debug|ARM.Deploy.0 = Debug|ARM
		{52483F8D-D5DE-4A46-AB00-926422E2A88D}.Debug|iPhone.ActiveCfg = Debug|x86
		{52483F8D-D5DE-4A46-AB00-926422E2A88D}.Debug|iPhone.Build.0 = Debug|x86
		{52483F8D-D5DE-4A46-AB00-926422E2A88D}.Debug|iPhone.Deploy.0 = Debug|x86
		{52483F8D-D5DE-4A46-AB00-926422E2A88D}.Debug|iPhoneSimulator.ActiveCfg = Debug|x86
		{52483F8D-D5DE-4A46-AB00-926422E2A88D}.Debug|iPhoneSimulator.Build.0 = Debug|x86
		{52483F8D-D5DE-4A46-AB00-926422E2A88D}.Debug|iPhoneSimulator.Deploy.0 = Debug|x86
		{52483F8D-D5DE-4A46-AB00-926422E2A88D}.Debug|x64.ActiveCfg = Debug|x64
		{52483F8D-D5DE-4A46-AB00-926422E2A88D}.Debug|x64.Build.0 = Debug|x64
		{52483F8D-D5DE-4A46-AB00-926422E2A88D}.Debug|x64.Deploy.0 = Debug|x64
		{52483F8D-D5DE-4A46-AB00-926422E2A88D}.Debug|x86.ActiveCfg = Debug|x86
		{52483F8D-D5DE-4A46-AB00-926422E2A88D}.Debug|x86.Build.0 = Debug|x86
		{52483F8D-D5DE-4A46-AB00-926422E2A88D}.Debug|x86.Deploy.0 = Debug|x86
		{52483F8D-D5DE-4A46-AB00-926422E2A88D}.Release|Any CPU.ActiveCfg = Release|x86
		{52483F8D-D5DE-4A46-AB00-926422E2A88D}.Release|Any CPU.Build.0 = Release|x86
		{52483F8D-D5DE-4A46-AB00-926422E2A88D}.Release|Any CPU.Deploy.0 = Release|x86
		{52483F8D-D5DE-4A46-AB00-926422E2A88D}.Release|ARM.ActiveCfg = Release|ARM
		{52483F8D-D5DE-4A46-AB00-926422E2A88D}.Release|ARM.Build.0 = Release|ARM
		{52483F8D-D5DE-4A46-AB00-926422E2A88D}.Release|ARM.Deploy.0 = Release|ARM
		{52483F8D-D5DE-4A46-AB00-926422E2A88D}.Release|iPhone.ActiveCfg = Release|x86
		{52483F8D-D5DE-4A46-AB00-926422E2A88D}.Release|iPhone.Build.0 = Release|x86
		{52483F8D-D5DE-4A46-AB00-926422E2A88D}.Release|iPhone.Deploy.0 = Release|x86
		{52483F8D-D5DE-4A46-AB00-926422E2A88D}.Release|iPhoneSimulator.ActiveCfg = Release|x86
		{52483F8D-D5DE-4A46-AB00-926422E2A88D}.Release|iPhoneSimulator.Build.0 = Release|x86
		{52483F8D-D5DE-4A46-AB00-926422E2A88D}.Release|iPhoneSimulator.Deploy.0 = Release|x86
		{52483F8D-D5DE-4A46-AB00-926422E2A88D}.Release|x64.ActiveCfg = Release|x64
		{52483F8D-D5DE-4A46-AB00-926422E2A88D}.Release|x64.Build.0 = Release|x64
		{52483F8D-D5DE-4A46-AB00-926422E2A88D}.Release|x64.Deploy.0 = Release|x64
		{52483F8D-D5DE-4A46-AB00-926422E2A88D}.Release|x86.ActiveCfg = Release|x86
		{52483F8D-D5DE-4A46-AB00-926422E2A88D}.Release|x86.Build.0 = Release|x86
		{52483F8D-D5DE-4A46-AB00-926422E2A88D}.Release|x86.Deploy.0 = Release|x86
		{4038C5A4-DC0F-42A6-8C71-BDCFE244CD30}.Ad-Hoc|Any CPU.ActiveCfg = Debug|Any CPU
		{4038C5A4-DC0F-42A6-8C71-BDCFE244CD30}.Ad-Hoc|Any CPU.Build.0 = Debug|Any CPU
		{4038C5A4-DC0F-42A6-8C71-BDCFE244CD30}.Ad-Hoc|Any CPU.Deploy.0 = Debug|Any CPU
		{4038C5A4-DC0F-42A6-8C71-BDCFE244CD30}.Ad-Hoc|ARM.ActiveCfg = Debug|Any CPU
		{4038C5A4-DC0F-42A6-8C71-BDCFE244CD30}.Ad-Hoc|ARM.Build.0 = Debug|Any CPU
		{4038C5A4-DC0F-42A6-8C71-BDCFE244CD30}.Ad-Hoc|ARM.Deploy.0 = Debug|Any CPU
		{4038C5A4-DC0F-42A6-8C71-BDCFE244CD30}.Ad-Hoc|iPhone.ActiveCfg = Debug|Any CPU
		{4038C5A4-DC0F-42A6-8C71-BDCFE244CD30}.Ad-Hoc|iPhone.Build.0 = Debug|Any CPU
		{4038C5A4-DC0F-42A6-8C71-BDCFE244CD30}.Ad-Hoc|iPhone.Deploy.0 = Debug|Any CPU
		{4038C5A4-DC0F-42A6-8C71-BDCFE244CD30}.Ad-Hoc|iPhoneSimulator.ActiveCfg = Debug|Any CPU
		{4038C5A4-DC0F-42A6-8C71-BDCFE244CD30}.Ad-Hoc|iPhoneSimulator.Build.0 = Debug|Any CPU
		{4038C5A4-DC0F-42A6-8C71-BDCFE244CD30}.Ad-Hoc|iPhoneSimulator.Deploy.0 = Debug|Any CPU
		{4038C5A4-DC0F-42A6-8C71-BDCFE244CD30}.Ad-Hoc|x64.ActiveCfg = Debug|Any CPU
		{4038C5A4-DC0F-42A6-8C71-BDCFE244CD30}.Ad-Hoc|x64.Build.0 = Debug|Any CPU
		{4038C5A4-DC0F-42A6-8C71-BDCFE244CD30}.Ad-Hoc|x64.Deploy.0 = Debug|Any CPU
		{4038C5A4-DC0F-42A6-8C71-BDCFE244CD30}.Ad-Hoc|x86.ActiveCfg = Debug|Any CPU
		{4038C5A4-DC0F-42A6-8C71-BDCFE244CD30}.Ad-Hoc|x86.Build.0 = Debug|Any CPU
		{4038C5A4-DC0F-42A6-8C71-BDCFE244CD30}.Ad-Hoc|x86.Deploy.0 = Debug|Any CPU
		{4038C5A4-DC0F-42A6-8C71-BDCFE244CD30}.AppStore|Any CPU.ActiveCfg = Debug|Any CPU
		{4038C5A4-DC0F-42A6-8C71-BDCFE244CD30}.AppStore|Any CPU.Build.0 = Debug|Any CPU
		{4038C5A4-DC0F-42A6-8C71-BDCFE244CD30}.AppStore|Any CPU.Deploy.0 = Debug|Any CPU
		{4038C5A4-DC0F-42A6-8C71-BDCFE244CD30}.AppStore|ARM.ActiveCfg = Debug|Any CPU
		{4038C5A4-DC0F-42A6-8C71-BDCFE244CD30}.AppStore|ARM.Build.0 = Debug|Any CPU
		{4038C5A4-DC0F-42A6-8C71-BDCFE244CD30}.AppStore|ARM.Deploy.0 = Debug|Any CPU
		{4038C5A4-DC0F-42A6-8C71-BDCFE244CD30}.AppStore|iPhone.ActiveCfg = Debug|Any CPU
		{4038C5A4-DC0F-42A6-8C71-BDCFE244CD30}.AppStore|iPhone.Build.0 = Debug|Any CPU
		{4038C5A4-DC0F-42A6-8C71-BDCFE244CD30}.AppStore|iPhone.Deploy.0 = Debug|Any CPU
		{4038C5A4-DC0F-42A6-8C71-BDCFE244CD30}.AppStore|iPhoneSimulator.ActiveCfg = Debug|Any CPU
		{4038C5A4-DC0F-42A6-8C71-BDCFE244CD30}.AppStore|iPhoneSimulator.Build.0 = Debug|Any CPU
		{4038C5A4-DC0F-42A6-8C71-BDCFE244CD30}.AppStore|iPhoneSimulator.Deploy.0 = Debug|Any CPU
		{4038C5A4-DC0F-42A6-8C71-BDCFE244CD30}.AppStore|x64.ActiveCfg = Debug|Any CPU
		{4038C5A4-DC0F-42A6-8C71-BDCFE244CD30}.AppStore|x64.Build.0 = Debug|Any CPU
		{4038C5A4-DC0F-42A6-8C71-BDCFE244CD30}.AppStore|x64.Deploy.0 = Debug|Any CPU
		{4038C5A4-DC0F-42A6-8C71-BDCFE244CD30}.AppStore|x86.ActiveCfg = Debug|Any CPU
		{4038C5A4-DC0F-42A6-8C71-BDCFE244CD30}.AppStore|x86.Build.0 = Debug|Any CPU
		{4038C5A4-DC0F-42A6-8C71-BDCFE244CD30}.AppStore|x86.Deploy.0 = Debug|Any CPU
		{4038C5A4-DC0F-42A6-8C71-BDCFE244CD30}.Debug|Any CPU.ActiveCfg = Debug|Any CPU
		{4038C5A4-DC0F-42A6-8C71-BDCFE244CD30}.Debug|Any CPU.Build.0 = Debug|Any CPU
		{4038C5A4-DC0F-42A6-8C71-BDCFE244CD30}.Debug|Any CPU.Deploy.0 = Debug|Any CPU
		{4038C5A4-DC0F-42A6-8C71-BDCFE244CD30}.Debug|ARM.ActiveCfg = Debug|Any CPU
		{4038C5A4-DC0F-42A6-8C71-BDCFE244CD30}.Debug|ARM.Build.0 = Debug|Any CPU
		{4038C5A4-DC0F-42A6-8C71-BDCFE244CD30}.Debug|ARM.Deploy.0 = Debug|Any CPU
		{4038C5A4-DC0F-42A6-8C71-BDCFE244CD30}.Debug|iPhone.ActiveCfg = Debug|Any CPU
		{4038C5A4-DC0F-42A6-8C71-BDCFE244CD30}.Debug|iPhone.Build.0 = Debug|Any CPU
		{4038C5A4-DC0F-42A6-8C71-BDCFE244CD30}.Debug|iPhone.Deploy.0 = Debug|Any CPU
		{4038C5A4-DC0F-42A6-8C71-BDCFE244CD30}.Debug|iPhoneSimulator.ActiveCfg = Debug|Any CPU
		{4038C5A4-DC0F-42A6-8C71-BDCFE244CD30}.Debug|iPhoneSimulator.Build.0 = Debug|Any CPU
		{4038C5A4-DC0F-42A6-8C71-BDCFE244CD30}.Debug|iPhoneSimulator.Deploy.0 = Debug|Any CPU
		{4038C5A4-DC0F-42A6-8C71-BDCFE244CD30}.Debug|x64.ActiveCfg = Debug|Any CPU
		{4038C5A4-DC0F-42A6-8C71-BDCFE244CD30}.Debug|x64.Build.0 = Debug|Any CPU
		{4038C5A4-DC0F-42A6-8C71-BDCFE244CD30}.Debug|x64.Deploy.0 = Debug|Any CPU
		{4038C5A4-DC0F-42A6-8C71-BDCFE244CD30}.Debug|x86.ActiveCfg = Debug|Any CPU
		{4038C5A4-DC0F-42A6-8C71-BDCFE244CD30}.Debug|x86.Build.0 = Debug|Any CPU
		{4038C5A4-DC0F-42A6-8C71-BDCFE244CD30}.Debug|x86.Deploy.0 = Debug|Any CPU
		{4038C5A4-DC0F-42A6-8C71-BDCFE244CD30}.Release|Any CPU.ActiveCfg = Release|Any CPU
		{4038C5A4-DC0F-42A6-8C71-BDCFE244CD30}.Release|Any CPU.Build.0 = Release|Any CPU
		{4038C5A4-DC0F-42A6-8C71-BDCFE244CD30}.Release|Any CPU.Deploy.0 = Release|Any CPU
		{4038C5A4-DC0F-42A6-8C71-BDCFE244CD30}.Release|ARM.ActiveCfg = Release|Any CPU
		{4038C5A4-DC0F-42A6-8C71-BDCFE244CD30}.Release|ARM.Build.0 = Release|Any CPU
		{4038C5A4-DC0F-42A6-8C71-BDCFE244CD30}.Release|ARM.Deploy.0 = Release|Any CPU
		{4038C5A4-DC0F-42A6-8C71-BDCFE244CD30}.Release|iPhone.ActiveCfg = Release|Any CPU
		{4038C5A4-DC0F-42A6-8C71-BDCFE244CD30}.Release|iPhone.Build.0 = Release|Any CPU
		{4038C5A4-DC0F-42A6-8C71-BDCFE244CD30}.Release|iPhone.Deploy.0 = Release|Any CPU
		{4038C5A4-DC0F-42A6-8C71-BDCFE244CD30}.Release|iPhoneSimulator.ActiveCfg = Release|Any CPU
		{4038C5A4-DC0F-42A6-8C71-BDCFE244CD30}.Release|iPhoneSimulator.Build.0 = Release|Any CPU
		{4038C5A4-DC0F-42A6-8C71-BDCFE244CD30}.Release|iPhoneSimulator.Deploy.0 = Release|Any CPU
		{4038C5A4-DC0F-42A6-8C71-BDCFE244CD30}.Release|x64.ActiveCfg = Release|Any CPU
		{4038C5A4-DC0F-42A6-8C71-BDCFE244CD30}.Release|x64.Build.0 = Release|Any CPU
		{4038C5A4-DC0F-42A6-8C71-BDCFE244CD30}.Release|x64.Deploy.0 = Release|Any CPU
		{4038C5A4-DC0F-42A6-8C71-BDCFE244CD30}.Release|x86.ActiveCfg = Release|Any CPU
		{4038C5A4-DC0F-42A6-8C71-BDCFE244CD30}.Release|x86.Build.0 = Release|Any CPU
		{4038C5A4-DC0F-42A6-8C71-BDCFE244CD30}.Release|x86.Deploy.0 = Release|Any CPU
	EndGlobalSection
	GlobalSection(SolutionProperties) = preSolution
		HideSolutionNode = FALSE
	EndGlobalSection
	GlobalSection(ExtensibilityGlobals) = postSolution
		SolutionGuid = {6D0A54D4-4238-4D1E-B5D9-A6BE48F1AEB9}
	EndGlobalSection
EndGlobal
